<?xml version="1.0" encoding="UTF-8"?>
<Project ToolsVersion="15.0" xmlns="http://schemas.microsoft.com/developer/msbuild/2003">
  <ItemGroup>
    <ClCompile Include="C:\Users\Péter\Source\Repos\kutfiz_beadando\euler.c">
      <Filter>Source Files</Filter>
    </ClCompile>
  </ItemGroup>
  <ItemGroup>
    <CustomBuild Include="C:\Users\Péter\Source\Repos\kutfiz_beadando\CMakeLists.txt" />
  </ItemGroup>
  <ItemGroup>
    <Filter Include="Source Files">
      <UniqueIdentifier>{AB04DB62-AE35-326A-8295-F4C4D66A4C8A}</UniqueIdentifier>
    </Filter>
  </ItemGroup>
</Project>
